dependencies:
- name: customer-service
  repository: file://./charts/customer-service
  version: 0.1.0
- name: order-service
  repository: file://./charts/order-service
  version: 0.1.0
- name: postgresql
  repository: oci://registry-1.docker.io/bitnamicharts
  version: 18.2.0
- name: postgresql
  repository: oci://registry-1.docker.io/bitnamicharts
  version: 18.2.0
digest: sha256:feb4f47477ac837b5a2b5d9e5bce80e25e532c66cb15ba06ce0eade10ef540c2
generated: "2026-02-01T14:53:03.155166+03:00"
